
Microsoft Visual Studio Solution File, Format Version 12.00
# Visual Studio 2012
Project("{8BC9CEB8-8B4A-11D0-8D11-00A0C91BC942}") = "PartitionsPConverter34", "PartitionsPConverter34.vcxproj", "{6D273F4C-6E0E-4304-9A1C-C41E6F5991CD}"
EndProject
Global
	GlobalSection(SolutionConfigurationPlatforms) = preSolution
		Debug|Win32 = Debug|Win32
		Release|Win32 = Release|Win32
	EndGlobalSection
	GlobalSection(ProjectConfigurationPlatforms) = postSolution
		{6D273F4C-6E0E-4304-9A1C-C41E6F5991CD}.Debug|Win32.ActiveCfg = Debug|Win32
		{6D273F4C-6E0E-4304-9A1C-C41E6F5991CD}.Debug|Win32.Build.0 = Debug|Win32
		{6D273F4C-6E0E-4304-9A1C-C41E6F5991CD}.Release|Win32.ActiveCfg = Release|Win32
		{6D273F4C-6E0E-4304-9A1C-C41E6F5991CD}.Release|Win32.Build.0 = Release|Win32
	EndGlobalSection
	GlobalSection(SolutionProperties) = preSolution
		HideSolutionNode = FALSE
	EndGlobalSection
EndGlobal
